
Microsoft Visual Studio Solution File, Format Version 12.00
# Visual Studio Version 17
VisualStudioVersion = 17.5.002.0
MinimumVisualStudioVersion = 10.0.40219.1
Project("{9A19103F-16F7-4668-BE54-9A1E7A4F7556}") = "class_2_5", "class_2_5.csproj", "{28EB205D-900C-42A9-9EB1-CCA61DB936B1}"
EndProject
Global
	GlobalSection(SolutionConfigurationPlatforms) = preSolution
		Debug|Any CPU = Debug|Any CPU
		Release|Any CPU = Release|Any CPU
	EndGlobalSection
	GlobalSection(ProjectConfigurationPlatforms) = postSolution
		{28EB205D-900C-42A9-9EB1-CCA61DB936B1}.Debug|Any CPU.ActiveCfg = Debug|Any CPU
		{28EB205D-900C-42A9-9EB1-CCA61DB936B1}.Debug|Any CPU.Build.0 = Debug|Any CPU
		{28EB205D-900C-42A9-9EB1-CCA61DB936B1}.Release|Any CPU.ActiveCfg = Release|Any CPU
		{28EB205D-900C-42A9-9EB1-CCA61DB936B1}.Release|Any CPU.Build.0 = Release|Any CPU
	EndGlobalSection
	GlobalSection(SolutionProperties) = preSolution
		HideSolutionNode = FALSE
	EndGlobalSection
	GlobalSection(ExtensibilityGlobals) = postSolution
		SolutionGuid = {DF2631C9-09A9-4B01-AF00-34F473B6FC71}
	EndGlobalSection
EndGlobal
