
Microsoft Visual Studio Solution File, Format Version 12.00
# Visual Studio Version 17
VisualStudioVersion = 17.5.002.0
MinimumVisualStudioVersion = 10.0.40219.1
Project("{9A19103F-16F7-4668-BE54-9A1E7A4F7556}") = "mis221-lab-4-CarterJod", "mis221-lab-4-CarterJod\mis221-lab-4-CarterJod.csproj", "{6B305EEB-09D3-43B3-8C2C-1D5014893DBB}"
EndProject
Global
	GlobalSection(SolutionConfigurationPlatforms) = preSolution
		Debug|Any CPU = Debug|Any CPU
		Release|Any CPU = Release|Any CPU
	EndGlobalSection
	GlobalSection(ProjectConfigurationPlatforms) = postSolution
		{6B305EEB-09D3-43B3-8C2C-1D5014893DBB}.Debug|Any CPU.ActiveCfg = Debug|Any CPU
		{6B305EEB-09D3-43B3-8C2C-1D5014893DBB}.Debug|Any CPU.Build.0 = Debug|Any CPU
		{6B305EEB-09D3-43B3-8C2C-1D5014893DBB}.Release|Any CPU.ActiveCfg = Release|Any CPU
		{6B305EEB-09D3-43B3-8C2C-1D5014893DBB}.Release|Any CPU.Build.0 = Release|Any CPU
	EndGlobalSection
	GlobalSection(SolutionProperties) = preSolution
		HideSolutionNode = FALSE
	EndGlobalSection
	GlobalSection(ExtensibilityGlobals) = postSolution
		SolutionGuid = {437A4CE1-E322-4E70-B5FA-9E4572005CF5}
	EndGlobalSection
EndGlobal
