
Microsoft Visual Studio Solution File, Format Version 12.00
# Visual Studio Version 17
VisualStudioVersion = 17.5.002.0
MinimumVisualStudioVersion = 10.0.40219.1
Project("{9A19103F-16F7-4668-BE54-9A1E7A4F7556}") = "class_3_6", "class_3_6.csproj", "{4815709E-1E7A-4CC5-B658-31D665C78D00}"
EndProject
Global
	GlobalSection(SolutionConfigurationPlatforms) = preSolution
		Debug|Any CPU = Debug|Any CPU
		Release|Any CPU = Release|Any CPU
	EndGlobalSection
	GlobalSection(ProjectConfigurationPlatforms) = postSolution
		{4815709E-1E7A-4CC5-B658-31D665C78D00}.Debug|Any CPU.ActiveCfg = Debug|Any CPU
		{4815709E-1E7A-4CC5-B658-31D665C78D00}.Debug|Any CPU.Build.0 = Debug|Any CPU
		{4815709E-1E7A-4CC5-B658-31D665C78D00}.Release|Any CPU.ActiveCfg = Release|Any CPU
		{4815709E-1E7A-4CC5-B658-31D665C78D00}.Release|Any CPU.Build.0 = Release|Any CPU
	EndGlobalSection
	GlobalSection(SolutionProperties) = preSolution
		HideSolutionNode = FALSE
	EndGlobalSection
	GlobalSection(ExtensibilityGlobals) = postSolution
		SolutionGuid = {EA3EE2A2-B3E1-46FD-88FC-E2F635B3FB47}
	EndGlobalSection
EndGlobal
